
Microsoft Visual Studio Solution File, Format Version 12.00
# Visual Studio 15
VisualStudioVersion = 15.0.28307.1062
MinimumVisualStudioVersion = 10.0.40219.1
Project("{FAE04EC0-301F-11D3-BF4B-00C04F79EFBC}") = "Busca_Na_Internet", "Busca_Na_Internet\Busca_Na_Internet.csproj", "{A1F3C080-ACCA-4770-A4BB-F0F701031AF7}"
EndProject
Global
	GlobalSection(SolutionConfigurationPlatforms) = preSolution
		Debug|Any CPU = Debug|Any CPU
		Release|Any CPU = Release|Any CPU
	EndGlobalSection
	GlobalSection(ProjectConfigurationPlatforms) = postSolution
		{A1F3C080-ACCA-4770-A4BB-F0F701031AF7}.Debug|Any CPU.ActiveCfg = Debug|Any CPU
		{A1F3C080-ACCA-4770-A4BB-F0F701031AF7}.Debug|Any CPU.Build.0 = Debug|Any CPU
		{A1F3C080-ACCA-4770-A4BB-F0F701031AF7}.Release|Any CPU.ActiveCfg = Release|Any CPU
		{A1F3C080-ACCA-4770-A4BB-F0F701031AF7}.Release|Any CPU.Build.0 = Release|Any CPU
	EndGlobalSection
	GlobalSection(SolutionProperties) = preSolution
		HideSolutionNode = FALSE
	EndGlobalSection
	GlobalSection(ExtensibilityGlobals) = postSolution
		SolutionGuid = {04CC7932-E6AF-4FC9-967D-99C5004176F6}
	EndGlobalSection
EndGlobal
